{
    "_readme": [
        "This file locks the dependencies of your project to a known state",
        "Read more about it at https://getcomposer.org/doc/01-basic-usage.md#composer-lock-the-lock-file",
        "This file is @generated automatically"
    ],
    "hash": "f0534a69c81030ad923f05b6dade1383",
    "content-hash": "b51987ea76268a9a761cca3a8ce8a511",
    "packages": [
        {
            "name": "shampeak/base",
            "version": "dev-master",
            "source": {
                "type": "git",
                "url": "https://github.com/shampeak/base.git",
                "reference": "74b2862e5c1e5bb1f9df7914d1e67fdc7b3664ca"
            },
            "dist": {
                "type": "zip",
                "url": "https://api.github.com/repos/shampeak/base/zipball/74b2862e5c1e5bb1f9df7914d1e67fdc7b3664ca",
                "reference": "74b2862e5c1e5bb1f9df7914d1e67fdc7b3664ca",
                "shasum": ""
            },
            "require": {
                "php": ">=5.4.9"
            },
            "type": "library",
            "autoload": {
                "psr-4": {
                    "Sham\\base\\": "src"
                }
            },
            "notification-url": "https://packagist.org/downloads/",
            "license": [
                "MIT"
            ],
            "authors": [
                {
                    "name": "shampeak",
                    "email": "shampeak@sina.com.cn"
                }
            ],
            "description": "dev",
            "time": "2015-11-17 07:19:02"
        },
        {
            "name": "shampeak/db",
            "version": "dev-master",
            "source": {
                "type": "git",
                "url": "https://github.com/shampeak/db.git",
                "reference": "91d5e4d60a88de0a9de7ee0e20b946c7e8538f8f"
            },
            "dist": {
                "type": "zip",
                "url": "https://api.github.com/repos/shampeak/db/zipball/91d5e4d60a88de0a9de7ee0e20b946c7e8538f8f",
                "reference": "91d5e4d60a88de0a9de7ee0e20b946c7e8538f8f",
                "shasum": ""
            },
            "require": {
                "php": ">=5.4.9",
                "shampeak/wise": "dev-master"
            },
            "type": "library",
            "autoload": {
                "psr-4": {
                    "Sham\\db\\": "src"
                }
            },
            "notification-url": "https://packagist.org/downloads/",
            "license": [
                "MIT"
            ],
            "authors": [
                {
                    "name": "shampeak",
                    "email": "shampeak@sina.com.cn"
                }
            ],
            "description": "dev",
            "time": "2015-11-17 03:19:49"
        },
        {
            "name": "shampeak/wise",
            "version": "dev-master",
            "source": {
                "type": "git",
                "url": "https://github.com/shampeak/wise.git",
                "reference": "00ee9d58739b76a3eb7c218b4c39ef05f3919ddb"
            },
            "dist": {
                "type": "zip",
                "url": "https://api.github.com/repos/shampeak/wise/zipball/00ee9d58739b76a3eb7c218b4c39ef05f3919ddb",
                "reference": "00ee9d58739b76a3eb7c218b4c39ef05f3919ddb",
                "shasum": ""
            },
            "require": {
                "php": ">=5.4.9",
                "shampeak/base": "dev-master"
            },
            "type": "library",
            "autoload": {
                "psr-4": {
                    "App\\": "App",
                    "Sham\\wise\\": "src"
                }
            },
            "notification-url": "https://packagist.org/downloads/",
            "license": [
                "MIT"
            ],
            "authors": [
                {
                    "name": "shampeak",
                    "email": "shampeak@sina.com.cn"
                }
            ],
            "description": "dev",
            "time": "2015-11-17 07:31:12"
        }
    ],
    "packages-dev": [],
    "aliases": [],
    "minimum-stability": "stable",
    "stability-flags": {
        "shampeak/base": 20,
        "shampeak/wise": 20,
        "shampeak/db": 20
    },
    "prefer-stable": false,
    "prefer-lowest": false,
    "platform": {
        "php": ">=5.5.9"
    },
    "platform-dev": []
}
