{
    "_readme": [
        "This file locks the dependencies of your project to a known state",
        "Read more about it at https://getcomposer.org/doc/01-basic-usage.md#composer-lock-the-lock-file",
        "This file is @generated automatically"
    ],
    "hash": "a1112e0dff3cdf73014d5f83141c6c0b",
    "content-hash": "f5383dd82c3904cea1af8e1b85b6136c",
    "packages": [
        {
            "name": "shampeak/db",
            "version": "dev-master",
            "source": {
                "type": "git",
                "url": "https://github.com/shampeak/db.git",
                "reference": "01b217e079eacedb873ea30b4de4261ff681dd14"
            },
            "dist": {
                "type": "zip",
                "url": "https://api.github.com/repos/shampeak/db/zipball/01b217e079eacedb873ea30b4de4261ff681dd14",
                "reference": "01b217e079eacedb873ea30b4de4261ff681dd14",
                "shasum": ""
            },
            "require": {
                "php": ">=5.4.9",
                "shampeak/wise": "dev-master"
            },
            "type": "library",
            "autoload": {
                "psr-4": {
                    "Sham\\db\\": "src"
                }
            },
            "notification-url": "https://packagist.org/downloads/",
            "license": [
                "MIT"
            ],
            "authors": [
                {
                    "name": "shampeak",
                    "email": "shampeak@sina.com.cn"
                }
            ],
            "description": "dev",
            "time": "2015-11-16 09:43:14"
        },
        {
            "name": "shampeak/wise",
            "version": "dev-master",
            "source": {
                "type": "git",
                "url": "https://github.com/shampeak/wise.git",
                "reference": "708aae06feab350cf231e57db52c58267d1bb9e6"
            },
            "dist": {
                "type": "zip",
                "url": "https://api.github.com/repos/shampeak/wise/zipball/708aae06feab350cf231e57db52c58267d1bb9e6",
                "reference": "708aae06feab350cf231e57db52c58267d1bb9e6",
                "shasum": ""
            },
            "require": {
                "php": ">=5.4.9"
            },
            "type": "library",
            "autoload": {
                "psr-4": {
                    "Sham\\wise\\": "src"
                }
            },
            "notification-url": "https://packagist.org/downloads/",
            "license": [
                "MIT"
            ],
            "authors": [
                {
                    "name": "shampeak",
                    "email": "shampeak@sina.com.cn"
                }
            ],
            "description": "dev",
            "time": "2015-11-16 09:42:33"
        }
    ],
    "packages-dev": [],
    "aliases": [],
    "minimum-stability": "stable",
    "stability-flags": {
        "shampeak/wise": 20,
        "shampeak/db": 20
    },
    "prefer-stable": false,
    "prefer-lowest": false,
    "platform": {
        "php": ">=5.5.9"
    },
    "platform-dev": []
}
