{
    "_readme": [
        "This file locks the dependencies of your project to a known state",
        "Read more about it at https://getcomposer.org/doc/01-basic-usage.md#composer-lock-the-lock-file",
        "This file is @generated automatically"
    ],
    "hash": "9d709566b9766e8acafbfc90f5d2dbae",
    "content-hash": "904d83847e2d8804e3ed2bd7144c1649",
    "packages": [
        {
            "name": "shampeak/wise",
            "version": "dev-master",
            "source": {
                "type": "git",
                "url": "https://github.com/shampeak/wise.git",
                "reference": "a51481efbc411c0c3df926a27085e9cb4d9b6cc3"
            },
            "dist": {
                "type": "zip",
                "url": "https://api.github.com/repos/shampeak/wise/zipball/a51481efbc411c0c3df926a27085e9cb4d9b6cc3",
                "reference": "a51481efbc411c0c3df926a27085e9cb4d9b6cc3",
                "shasum": ""
            },
            "require": {
                "php": ">=5.4.9"
            },
            "type": "library",
            "autoload": {
                "psr-4": {
                    "Sham\\Wise\\": "src"
                }
            },
            "notification-url": "https://packagist.org/downloads/",
            "license": [
                "MIT"
            ],
            "authors": [
                {
                    "name": "shampeak",
                    "email": "shampeak@sina.com.cn"
                }
            ],
            "description": "dev",
            "time": "2015-11-10 07:07:25"
        }
    ],
    "packages-dev": [],
    "aliases": [],
    "minimum-stability": "stable",
    "stability-flags": {
        "shampeak/wise": 20
    },
    "prefer-stable": false,
    "prefer-lowest": false,
    "platform": {
        "php": ">=5.4.9"
    },
    "platform-dev": []
}
